
Microsoft Visual Studio Solution File, Format Version 12.00
# Visual Studio 15
VisualStudioVersion = 15.0.26730.12
MinimumVisualStudioVersion = 10.0.40219.1
Project("{FAE04EC0-301F-11D3-BF4B-00C04F79EFBC}") = "Intro", "MultithreadingTutorial\Intro.csproj", "{1204A9CD-37B4-4555-AD16-4AC618E71B20}"
EndProject
Project("{FAE04EC0-301F-11D3-BF4B-00C04F79EFBC}") = "TempVariables", "Part2\TempVariables.csproj", "{B441FFBF-C538-4B0A-A35E-24215B69CB39}"
EndProject
Project("{FAE04EC0-301F-11D3-BF4B-00C04F79EFBC}") = "CommonInstance", "Part3\CommonInstance.csproj", "{B9D191F8-C77A-497F-8A1B-F3AB31D80662}"
EndProject
Project("{FAE04EC0-301F-11D3-BF4B-00C04F79EFBC}") = "RaceCondition", "Part4\RaceCondition.csproj", "{E3906748-70A0-4EF0-9D8C-963CEF6C71E9}"
EndProject
Project("{FAE04EC0-301F-11D3-BF4B-00C04F79EFBC}") = "Locking", "Part5\Locking.csproj", "{AD3222A3-C389-4328-AF52-6E00799361DA}"
EndProject
Project("{FAE04EC0-301F-11D3-BF4B-00C04F79EFBC}") = "LambdaThreading", "Lambda\LambdaThreading.csproj", "{681A7D35-9A57-4179-8680-E8728C157010}"
EndProject
Project("{FAE04EC0-301F-11D3-BF4B-00C04F79EFBC}") = "ThreadFactorial", "ThreadFactorial\ThreadFactorial.csproj", "{8053338D-AE37-4B1F-B78C-1FB6D034B112}"
EndProject
Project("{FAE04EC0-301F-11D3-BF4B-00C04F79EFBC}") = "CapturedVariables", "CapturedVariables\CapturedVariables.csproj", "{CB4DA4EB-BD54-4814-99A9-3CE68AE388B3}"
EndProject
Global
	GlobalSection(SolutionConfigurationPlatforms) = preSolution
		Debug|Any CPU = Debug|Any CPU
		Release|Any CPU = Release|Any CPU
	EndGlobalSection
	GlobalSection(ProjectConfigurationPlatforms) = postSolution
		{1204A9CD-37B4-4555-AD16-4AC618E71B20}.Debug|Any CPU.ActiveCfg = Debug|Any CPU
		{1204A9CD-37B4-4555-AD16-4AC618E71B20}.Debug|Any CPU.Build.0 = Debug|Any CPU
		{1204A9CD-37B4-4555-AD16-4AC618E71B20}.Release|Any CPU.ActiveCfg = Release|Any CPU
		{1204A9CD-37B4-4555-AD16-4AC618E71B20}.Release|Any CPU.Build.0 = Release|Any CPU
		{B441FFBF-C538-4B0A-A35E-24215B69CB39}.Debug|Any CPU.ActiveCfg = Debug|Any CPU
		{B441FFBF-C538-4B0A-A35E-24215B69CB39}.Debug|Any CPU.Build.0 = Debug|Any CPU
		{B441FFBF-C538-4B0A-A35E-24215B69CB39}.Release|Any CPU.ActiveCfg = Release|Any CPU
		{B441FFBF-C538-4B0A-A35E-24215B69CB39}.Release|Any CPU.Build.0 = Release|Any CPU
		{B9D191F8-C77A-497F-8A1B-F3AB31D80662}.Debug|Any CPU.ActiveCfg = Debug|Any CPU
		{B9D191F8-C77A-497F-8A1B-F3AB31D80662}.Debug|Any CPU.Build.0 = Debug|Any CPU
		{B9D191F8-C77A-497F-8A1B-F3AB31D80662}.Release|Any CPU.ActiveCfg = Release|Any CPU
		{B9D191F8-C77A-497F-8A1B-F3AB31D80662}.Release|Any CPU.Build.0 = Release|Any CPU
		{E3906748-70A0-4EF0-9D8C-963CEF6C71E9}.Debug|Any CPU.ActiveCfg = Debug|Any CPU
		{E3906748-70A0-4EF0-9D8C-963CEF6C71E9}.Debug|Any CPU.Build.0 = Debug|Any CPU
		{E3906748-70A0-4EF0-9D8C-963CEF6C71E9}.Release|Any CPU.ActiveCfg = Release|Any CPU
		{E3906748-70A0-4EF0-9D8C-963CEF6C71E9}.Release|Any CPU.Build.0 = Release|Any CPU
		{AD3222A3-C389-4328-AF52-6E00799361DA}.Debug|Any CPU.ActiveCfg = Debug|Any CPU
		{AD3222A3-C389-4328-AF52-6E00799361DA}.Debug|Any CPU.Build.0 = Debug|Any CPU
		{AD3222A3-C389-4328-AF52-6E00799361DA}.Release|Any CPU.ActiveCfg = Release|Any CPU
		{AD3222A3-C389-4328-AF52-6E00799361DA}.Release|Any CPU.Build.0 = Release|Any CPU
		{681A7D35-9A57-4179-8680-E8728C157010}.Debug|Any CPU.ActiveCfg = Debug|Any CPU
		{681A7D35-9A57-4179-8680-E8728C157010}.Debug|Any CPU.Build.0 = Debug|Any CPU
		{681A7D35-9A57-4179-8680-E8728C157010}.Release|Any CPU.ActiveCfg = Release|Any CPU
		{681A7D35-9A57-4179-8680-E8728C157010}.Release|Any CPU.Build.0 = Release|Any CPU
		{8053338D-AE37-4B1F-B78C-1FB6D034B112}.Debug|Any CPU.ActiveCfg = Debug|Any CPU
		{8053338D-AE37-4B1F-B78C-1FB6D034B112}.Debug|Any CPU.Build.0 = Debug|Any CPU
		{8053338D-AE37-4B1F-B78C-1FB6D034B112}.Release|Any CPU.ActiveCfg = Release|Any CPU
		{8053338D-AE37-4B1F-B78C-1FB6D034B112}.Release|Any CPU.Build.0 = Release|Any CPU
		{CB4DA4EB-BD54-4814-99A9-3CE68AE388B3}.Debug|Any CPU.ActiveCfg = Debug|Any CPU
		{CB4DA4EB-BD54-4814-99A9-3CE68AE388B3}.Debug|Any CPU.Build.0 = Debug|Any CPU
		{CB4DA4EB-BD54-4814-99A9-3CE68AE388B3}.Release|Any CPU.ActiveCfg = Release|Any CPU
		{CB4DA4EB-BD54-4814-99A9-3CE68AE388B3}.Release|Any CPU.Build.0 = Release|Any CPU
	EndGlobalSection
	GlobalSection(SolutionProperties) = preSolution
		HideSolutionNode = FALSE
	EndGlobalSection
	GlobalSection(ExtensibilityGlobals) = postSolution
		SolutionGuid = {55E2AC18-6BB8-40A5-A627-5A1D8E9F5BBC}
	EndGlobalSection
EndGlobal
