
Microsoft Visual Studio Solution File, Format Version 12.00
# Visual Studio 15
VisualStudioVersion = 15.0.26730.12
MinimumVisualStudioVersion = 10.0.40219.1
Project("{FAE04EC0-301F-11D3-BF4B-00C04F79EFBC}") = "GUIMultiThreading", "GUIMultiThreading\GUIMultiThreading.csproj", "{90808395-9A47-431D-BB6C-E80389606951}"
EndProject
Global
	GlobalSection(SolutionConfigurationPlatforms) = preSolution
		Debug|Any CPU = Debug|Any CPU
		Release|Any CPU = Release|Any CPU
	EndGlobalSection
	GlobalSection(ProjectConfigurationPlatforms) = postSolution
		{90808395-9A47-431D-BB6C-E80389606951}.Debug|Any CPU.ActiveCfg = Debug|Any CPU
		{90808395-9A47-431D-BB6C-E80389606951}.Debug|Any CPU.Build.0 = Debug|Any CPU
		{90808395-9A47-431D-BB6C-E80389606951}.Release|Any CPU.ActiveCfg = Release|Any CPU
		{90808395-9A47-431D-BB6C-E80389606951}.Release|Any CPU.Build.0 = Release|Any CPU
	EndGlobalSection
	GlobalSection(SolutionProperties) = preSolution
		HideSolutionNode = FALSE
	EndGlobalSection
	GlobalSection(ExtensibilityGlobals) = postSolution
		SolutionGuid = {90BE1616-FA42-45C1-8716-D957A3173338}
	EndGlobalSection
EndGlobal
