
Microsoft Visual Studio Solution File, Format Version 12.00
# Visual Studio 15
VisualStudioVersion = 15.0.26730.12
MinimumVisualStudioVersion = 10.0.40219.1
Project("{FAE04EC0-301F-11D3-BF4B-00C04F79EFBC}") = "DivideByZero", "DivideByZero\DivideByZero.csproj", "{3337CF41-E477-448D-AB98-7ECDCA94027C}"
EndProject
Project("{FAE04EC0-301F-11D3-BF4B-00C04F79EFBC}") = "Incrementer", "Incrementer\Incrementer.csproj", "{1D46DCE3-45C9-4A23-9843-C3F219B5723F}"
EndProject
Project("{FAE04EC0-301F-11D3-BF4B-00C04F79EFBC}") = "OneAtATime", "OneAtATime\OneAtATime.csproj", "{7D8F5935-747C-45AD-96F1-C440F85DD721}"
EndProject
Project("{FAE04EC0-301F-11D3-BF4B-00C04F79EFBC}") = "Semaphores", "Semaphores\Semaphores.csproj", "{8EECA759-EF35-40E2-9F4F-F650EEDAB86C}"
EndProject
Project("{FAE04EC0-301F-11D3-BF4B-00C04F79EFBC}") = "SemaphoreForLock", "SemaphorForLock\SemaphoreForLock.csproj", "{09750D1A-4A28-4BCC-863C-39599D67BEC1}"
EndProject
Project("{FAE04EC0-301F-11D3-BF4B-00C04F79EFBC}") = "ThreadSafeListManipulation", "ThreadSafeListManipulation\ThreadSafeListManipulation.csproj", "{0567F966-310F-4B7E-B9DC-33B298E25641}"
EndProject
Global
	GlobalSection(SolutionConfigurationPlatforms) = preSolution
		Debug|Any CPU = Debug|Any CPU
		Release|Any CPU = Release|Any CPU
	EndGlobalSection
	GlobalSection(ProjectConfigurationPlatforms) = postSolution
		{3337CF41-E477-448D-AB98-7ECDCA94027C}.Debug|Any CPU.ActiveCfg = Debug|Any CPU
		{3337CF41-E477-448D-AB98-7ECDCA94027C}.Debug|Any CPU.Build.0 = Debug|Any CPU
		{3337CF41-E477-448D-AB98-7ECDCA94027C}.Release|Any CPU.ActiveCfg = Release|Any CPU
		{3337CF41-E477-448D-AB98-7ECDCA94027C}.Release|Any CPU.Build.0 = Release|Any CPU
		{1D46DCE3-45C9-4A23-9843-C3F219B5723F}.Debug|Any CPU.ActiveCfg = Debug|Any CPU
		{1D46DCE3-45C9-4A23-9843-C3F219B5723F}.Debug|Any CPU.Build.0 = Debug|Any CPU
		{1D46DCE3-45C9-4A23-9843-C3F219B5723F}.Release|Any CPU.ActiveCfg = Release|Any CPU
		{1D46DCE3-45C9-4A23-9843-C3F219B5723F}.Release|Any CPU.Build.0 = Release|Any CPU
		{7D8F5935-747C-45AD-96F1-C440F85DD721}.Debug|Any CPU.ActiveCfg = Debug|Any CPU
		{7D8F5935-747C-45AD-96F1-C440F85DD721}.Debug|Any CPU.Build.0 = Debug|Any CPU
		{7D8F5935-747C-45AD-96F1-C440F85DD721}.Release|Any CPU.ActiveCfg = Release|Any CPU
		{7D8F5935-747C-45AD-96F1-C440F85DD721}.Release|Any CPU.Build.0 = Release|Any CPU
		{8EECA759-EF35-40E2-9F4F-F650EEDAB86C}.Debug|Any CPU.ActiveCfg = Debug|Any CPU
		{8EECA759-EF35-40E2-9F4F-F650EEDAB86C}.Debug|Any CPU.Build.0 = Debug|Any CPU
		{8EECA759-EF35-40E2-9F4F-F650EEDAB86C}.Release|Any CPU.ActiveCfg = Release|Any CPU
		{8EECA759-EF35-40E2-9F4F-F650EEDAB86C}.Release|Any CPU.Build.0 = Release|Any CPU
		{09750D1A-4A28-4BCC-863C-39599D67BEC1}.Debug|Any CPU.ActiveCfg = Debug|Any CPU
		{09750D1A-4A28-4BCC-863C-39599D67BEC1}.Debug|Any CPU.Build.0 = Debug|Any CPU
		{09750D1A-4A28-4BCC-863C-39599D67BEC1}.Release|Any CPU.ActiveCfg = Release|Any CPU
		{09750D1A-4A28-4BCC-863C-39599D67BEC1}.Release|Any CPU.Build.0 = Release|Any CPU
		{0567F966-310F-4B7E-B9DC-33B298E25641}.Debug|Any CPU.ActiveCfg = Debug|Any CPU
		{0567F966-310F-4B7E-B9DC-33B298E25641}.Debug|Any CPU.Build.0 = Debug|Any CPU
		{0567F966-310F-4B7E-B9DC-33B298E25641}.Release|Any CPU.ActiveCfg = Release|Any CPU
		{0567F966-310F-4B7E-B9DC-33B298E25641}.Release|Any CPU.Build.0 = Release|Any CPU
	EndGlobalSection
	GlobalSection(SolutionProperties) = preSolution
		HideSolutionNode = FALSE
	EndGlobalSection
	GlobalSection(ExtensibilityGlobals) = postSolution
		SolutionGuid = {677C1C20-3636-4D97-97CB-47A626F50B77}
	EndGlobalSection
EndGlobal
